
Microsoft Visual Studio Solution File, Format Version 12.00
# Visual Studio Version 16
VisualStudioVersion = 16.0.31729.503
MinimumVisualStudioVersion = 10.0.40219.1
Project("{8BC9CEB8-8B4A-11D0-8D11-00A0C91BC942}") = "Project2", "Project2\Project2.vcxproj", "{45A5EA1D-D31A-4343-AC66-1E608E89DE53}"
EndProject
Global
	GlobalSection(SolutionConfigurationPlatforms) = preSolution
		Debug|x64 = Debug|x64
		Debug|x86 = Debug|x86
		Release|x64 = Release|x64
		Release|x86 = Release|x86
	EndGlobalSection
	GlobalSection(ProjectConfigurationPlatforms) = postSolution
		{45A5EA1D-D31A-4343-AC66-1E608E89DE53}.Debug|x64.ActiveCfg = Debug|x64
		{45A5EA1D-D31A-4343-AC66-1E608E89DE53}.Debug|x64.Build.0 = Debug|x64
		{45A5EA1D-D31A-4343-AC66-1E608E89DE53}.Debug|x86.ActiveCfg = Debug|Win32
		{45A5EA1D-D31A-4343-AC66-1E608E89DE53}.Debug|x86.Build.0 = Debug|Win32
		{45A5EA1D-D31A-4343-AC66-1E608E89DE53}.Release|x64.ActiveCfg = Release|x64
		{45A5EA1D-D31A-4343-AC66-1E608E89DE53}.Release|x64.Build.0 = Release|x64
		{45A5EA1D-D31A-4343-AC66-1E608E89DE53}.Release|x86.ActiveCfg = Release|Win32
		{45A5EA1D-D31A-4343-AC66-1E608E89DE53}.Release|x86.Build.0 = Release|Win32
	EndGlobalSection
	GlobalSection(SolutionProperties) = preSolution
		HideSolutionNode = FALSE
	EndGlobalSection
	GlobalSection(ExtensibilityGlobals) = postSolution
		SolutionGuid = {598088F7-77B4-41D7-8548-721897B12360}
	EndGlobalSection
EndGlobal
